// !$*UTF8*$!
{
	archiveVersion = 1;
	classes = {
	};
	objectVersion = 46;
	objects = {

/* Begin PBXBuildFile section */
		2408F9DF1C192CAC0002FE7E /* AppDelegate.swift in Sources */ = {isa = PBXBuildFile; fileRef = 2408F9DE1C192CAC0002FE7E /* AppDelegate.swift */; };
		2408F9E11C192CAC0002FE7E /* ViewController.swift in Sources */ = {isa = PBXBuildFile; fileRef = 2408F9E01C192CAC0002FE7E /* ViewController.swift */; };
		2408F9E41C192CAC0002FE7E /* Main.storyboard in Resources */ = {isa = PBXBuildFile; fileRef = 2408F9E21C192CAC0002FE7E /* Main.storyboard */; };
		2408F9E61C192CAC0002FE7E /* Assets.xcassets in Resources */ = {isa = PBXBuildFile; fileRef = 2408F9E51C192CAC0002FE7E /* Assets.xcassets */; };
		2408F9E91C192CAC0002FE7E /* LaunchScreen.storyboard in Resources */ = {isa = PBXBuildFile; fileRef = 2408F9E71C192CAC0002FE7E /* LaunchScreen.storyboard */; };
		2408F9F11C192DB40002FE7E /* dictionary.json in Resources */ = {isa = PBXBuildFile; fileRef = 2408F9F01C192DB40002FE7E /* dictionary.json */; };
		2408F9F31C19316B0002FE7E /* Word.swift in Sources */ = {isa = PBXBuildFile; fileRef = 2408F9F21C19316B0002FE7E /* Word.swift */; };
		2408F9F51C195B230002FE7E /* WordController.swift in Sources */ = {isa = PBXBuildFile; fileRef = 2408F9F41C195B230002FE7E /* WordController.swift */; };
		2408F9F71C1962EB0002FE7E /* ResultsTableViewController.swift in Sources */ = {isa = PBXBuildFile; fileRef = 2408F9F61C1962EB0002FE7E /* ResultsTableViewController.swift */; };
		247F50AB1C19F06B004731A8 /* DetailWordViewController.swift in Sources */ = {isa = PBXBuildFile; fileRef = 247F50AA1C19F06B004731A8 /* DetailWordViewController.swift */; };
/* End PBXBuildFile section */

/* Begin PBXFileReference section */
		2408F9DB1C192CAC0002FE7E /* FuzzySearch.app */ = {isa = PBXFileReference; explicitFileType = wrapper.application; includeInIndex = 0; path = FuzzySearch.app; sourceTree = BUILT_PRODUCTS_DIR; };
		2408F9DE1C192CAC0002FE7E /* AppDelegate.swift */ = {isa = PBXFileReference; lastKnownFileType = sourcecode.swift; path = AppDelegate.swift; sourceTree = "<group>"; };
		2408F9E01C192CAC0002FE7E /* ViewController.swift */ = {isa = PBXFileReference; lastKnownFileType = sourcecode.swift; path = ViewController.swift; sourceTree = "<group>"; };
		2408F9E31C192CAC0002FE7E /* Base */ = {isa = PBXFileReference; lastKnownFileType = file.storyboard; name = Base; path = Base.lproj/Main.storyboard; sourceTree = "<group>"; };
		2408F9E51C192CAC0002FE7E /* Assets.xcassets */ = {isa = PBXFileReference; lastKnownFileType = folder.assetcatalog; path = Assets.xcassets; sourceTree = "<group>"; };
		2408F9E81C192CAC0002FE7E /* Base */ = {isa = PBXFileReference; lastKnownFileType = file.storyboard; name = Base; path = Base.lproj/LaunchScreen.storyboard; sourceTree = "<group>"; };
		2408F9EA1C192CAC0002FE7E /* Info.plist */ = {isa = PBXFileReference; lastKnownFileType = text.plist.xml; path = Info.plist; sourceTree = "<group>"; };
		2408F9F01C192DB40002FE7E /* dictionary.json */ = {isa = PBXFileReference; fileEncoding = 4; lastKnownFileType = text.json; path = dictionary.json; sourceTree = "<group>"; };
		2408F9F21C19316B0002FE7E /* Word.swift */ = {isa = PBXFileReference; fileEncoding = 4; lastKnownFileType = sourcecode.swift; path = Word.swift; sourceTree = "<group>"; };
		2408F9F41C195B230002FE7E /* WordController.swift */ = {isa = PBXFileReference; fileEncoding = 4; lastKnownFileType = sourcecode.swift; path = WordController.swift; sourceTree = "<group>"; };
		2408F9F61C1962EB0002FE7E /* ResultsTableViewController.swift */ = {isa = PBXFileReference; fileEncoding = 4; lastKnownFileType = sourcecode.swift; path = ResultsTableViewController.swift; sourceTree = "<group>"; };
		247F50AA1C19F06B004731A8 /* DetailWordViewController.swift */ = {isa = PBXFileReference; fileEncoding = 4; lastKnownFileType = sourcecode.swift; path = DetailWordViewController.swift; sourceTree = "<group>"; };
/* End PBXFileReference section */

/* Begin PBXFrameworksBuildPhase section */
		2408F9D81C192CAC0002FE7E /* Frameworks */ = {
			isa = PBXFrameworksBuildPhase;
			buildActionMask = 2147483647;
			files = (
			);
			runOnlyForDeploymentPostprocessing = 0;
		};
/* End PBXFrameworksBuildPhase section */

/* Begin PBXGroup section */
		2408F9D21C192CAC0002FE7E = {
			isa = PBXGroup;
			children = (
				2408F9DD1C192CAC0002FE7E /* FuzzySearch */,
				2408F9DC1C192CAC0002FE7E /* Products */,
			);
			sourceTree = "<group>";
		};
		2408F9DC1C192CAC0002FE7E /* Products */ = {
			isa = PBXGroup;
			children = (
				2408F9DB1C192CAC0002FE7E /* FuzzySearch.app */,
			);
			name = Products;
			sourceTree = "<group>";
		};
		2408F9DD1C192CAC0002FE7E /* FuzzySearch */ = {
			isa = PBXGroup;
			children = (
				2408F9DE1C192CAC0002FE7E /* AppDelegate.swift */,
				2408F9E01C192CAC0002FE7E /* ViewController.swift */,
				2408F9F61C1962EB0002FE7E /* ResultsTableViewController.swift */,
				2408F9F21C19316B0002FE7E /* Word.swift */,
				2408F9F41C195B230002FE7E /* WordController.swift */,
				2408F9E21C192CAC0002FE7E /* Main.storyboard */,
				247F50AA1C19F06B004731A8 /* DetailWordViewController.swift */,
				2408F9E51C192CAC0002FE7E /* Assets.xcassets */,
				2408F9E71C192CAC0002FE7E /* LaunchScreen.storyboard */,
				2408F9EA1C192CAC0002FE7E /* Info.plist */,
				2408F9F01C192DB40002FE7E /* dictionary.json */,
			);
			path = FuzzySearch;
			sourceTree = "<group>";
		};
/* End PBXGroup section */

/* Begin PBXNativeTarget section */
		2408F9DA1C192CAC0002FE7E /* FuzzySearch */ = {
			isa = PBXNativeTarget;
			buildConfigurationList = 2408F9ED1C192CAC0002FE7E /* Build configuration list for PBXNativeTarget "FuzzySearch" */;
			buildPhases = (
				2408F9D71C192CAC0002FE7E /* Sources */,
				2408F9D81C192CAC0002FE7E /* Frameworks */,
				2408F9D91C192CAC0002FE7E /* Resources */,
			);
			buildRules = (
			);
			dependencies = (
			);
			name = FuzzySearch;
			productName = FuzzySearch;
			productReference = 2408F9DB1C192CAC0002FE7E /* FuzzySearch.app */;
			productType = "com.apple.product-type.application";
		};
/* End PBXNativeTarget section */

/* Begin PBXProject section */
		2408F9D31C192CAC0002FE7E /* Project object */ = {
			isa = PBXProject;
			attributes = {
				LastSwiftUpdateCheck = 0710;
				LastUpgradeCheck = 0710;
				ORGANIZATIONNAME = "Skyler Tanner";
				TargetAttributes = {
					2408F9DA1C192CAC0002FE7E = {
						CreatedOnToolsVersion = 7.1.1;
					};
				};
			};
			buildConfigurationList = 2408F9D61C192CAC0002FE7E /* Build configuration list for PBXProject "FuzzySearch" */;
			compatibilityVersion = "Xcode 3.2";
			developmentRegion = English;
			hasScannedForEncodings = 0;
			knownRegions = (
				en,
				Base,
			);
			mainGroup = 2408F9D21C192CAC0002FE7E;
			productRefGroup = 2408F9DC1C192CAC0002FE7E /* Products */;
			projectDirPath = "";
			projectRoot = "";
			targets = (
				2408F9DA1C192CAC0002FE7E /* FuzzySearch */,
			);
		};
/* End PBXProject section */

/* Begin PBXResourcesBuildPhase section */
		2408F9D91C192CAC0002FE7E /* Resources */ = {
			isa = PBXResourcesBuildPhase;
			buildActionMask = 2147483647;
			files = (
				2408F9E91C192CAC0002FE7E /* LaunchScreen.storyboard in Resources */,
				2408F9F11C192DB40002FE7E /* dictionary.json in Resources */,
				2408F9E61C192CAC0002FE7E /* Assets.xcassets in Resources */,
				2408F9E41C192CAC0002FE7E /* Main.storyboard in Resources */,
			);
			runOnlyForDeploymentPostprocessing = 0;
		};
/* End PBXResourcesBuildPhase section */

/* Begin PBXSourcesBuildPhase section */
		2408F9D71C192CAC0002FE7E /* Sources */ = {
			isa = PBXSourcesBuildPhase;
			buildActionMask = 2147483647;
			files = (
				2408F9E11C192CAC0002FE7E /* ViewController.swift in Sources */,
				247F50AB1C19F06B004731A8 /* DetailWordViewController.swift in Sources */,
				2408F9DF1C192CAC0002FE7E /* AppDelegate.swift in Sources */,
				2408F9F31C19316B0002FE7E /* Word.swift in Sources */,
				2408F9F51C195B230002FE7E /* WordController.swift in Sources */,
				2408F9F71C1962EB0002FE7E /* ResultsTableViewController.swift in Sources */,
			);
			runOnlyForDeploymentPostprocessing = 0;
		};
/* End PBXSourcesBuildPhase section */

/* Begin PBXVariantGroup section */
		2408F9E21C192CAC0002FE7E /* Main.storyboard */ = {
			isa = PBXVariantGroup;
			children = (
				2408F9E31C192CAC0002FE7E /* Base */,
			);
			name = Main.storyboard;
			sourceTree = "<group>";
		};
		2408F9E71C192CAC0002FE7E /* LaunchScreen.storyboard */ = {
			isa = PBXVariantGroup;
			children = (
				2408F9E81C192CAC0002FE7E /* Base */,
			);
			name = LaunchScreen.storyboard;
			sourceTree = "<group>";
		};
/* End PBXVariantGroup section */

/* Begin XCBuildConfiguration section */
		2408F9EB1C192CAC0002FE7E /* Debug */ = {
			isa = XCBuildConfiguration;
			buildSettings = {
				ALWAYS_SEARCH_USER_PATHS = NO;
				CLANG_CXX_LANGUAGE_STANDARD = "gnu++0x";
				CLANG_CXX_LIBRARY = "libc++";
				CLANG_ENABLE_MODULES = YES;
				CLANG_ENABLE_OBJC_ARC = YES;
				CLANG_WARN_BOOL_CONVERSION = YES;
				CLANG_WARN_CONSTANT_CONVERSION = YES;
				CLANG_WARN_DIRECT_OBJC_ISA_USAGE = YES_ERROR;
				CLANG_WARN_EMPTY_BODY = YES;
				CLANG_WARN_ENUM_CONVERSION = YES;
				CLANG_WARN_INT_CONVERSION = YES;
				CLANG_WARN_OBJC_ROOT_CLASS = YES_ERROR;
				CLANG_WARN_UNREACHABLE_CODE = YES;
				CLANG_WARN__DUPLICATE_METHOD_MATCH = YES;
				"CODE_SIGN_IDENTITY[sdk=iphoneos*]" = "iPhone Developer";
				COPY_PHASE_STRIP = NO;
				DEBUG_INFORMATION_FORMAT = dwarf;
				ENABLE_STRICT_OBJC_MSGSEND = YES;
				ENABLE_TESTABILITY = YES;
				GCC_C_LANGUAGE_STANDARD = gnu99;
				GCC_DYNAMIC_NO_PIC = NO;
				GCC_NO_COMMON_BLOCKS = YES;
				GCC_OPTIMIZATION_LEVEL = 0;
				GCC_PREPROCESSOR_DEFINITIONS = (
					"DEBUG=1",
					"$(inherited)",
				);
				GCC_WARN_64_TO_32_BIT_CONVERSION = YES;
				GCC_WARN_ABOUT_RETURN_TYPE = YES_ERROR;
				GCC_WARN_UNDECLARED_SELECTOR = YES;
				GCC_WARN_UNINITIALIZED_AUTOS = YES_AGGRESSIVE;
				GCC_WARN_UNUSED_FUNCTION = YES;
				GCC_WARN_UNUSED_VARIABLE = YES;
				IPHONEOS_DEPLOYMENT_TARGET = 9.1;
				MTL_ENABLE_DEBUG_INFO = YES;
				ONLY_ACTIVE_ARCH = YES;
				SDKROOT = iphoneos;
				SWIFT_OPTIMIZATION_LEVEL = "-Onone";
				TARGETED_DEVICE_FAMILY = "1,2";
			};
			name = Debug;
		};
		2408F9EC1C192CAC0002FE7E /* Release */ = {
			isa = XCBuildConfiguration;
			buildSettings = {
				ALWAYS_SEARCH_USER_PATHS = NO;
				CLANG_CXX_LANGUAGE_STANDARD = "gnu++0x";
				CLANG_CXX_LIBRARY = "libc++";
				CLANG_ENABLE_MODULES = YES;
				CLANG_ENABLE_OBJC_ARC = YES;
				CLANG_WARN_BOOL_CONVERSION = YES;
				CLANG_WARN_CONSTANT_CONVERSION = YES;
				CLANG_WARN_DIRECT_OBJC_ISA_USAGE = YES_ERROR;
				CLANG_WARN_EMPTY_BODY = YES;
				CLANG_WARN_ENUM_CONVERSION = YES;
				CLANG_WARN_INT_CONVERSION = YES;
				CLANG_WARN_OBJC_ROOT_CLASS = YES_ERROR;
				CLANG_WARN_UNREACHABLE_CODE = YES;
				CLANG_WARN__DUPLICATE_METHOD_MATCH = YES;
				"CODE_SIGN_IDENTITY[sdk=iphoneos*]" = "iPhone Developer";
				COPY_PHASE_STRIP = NO;
				DEBUG_INFORMATION_FORMAT = "dwarf-with-dsym";
				ENABLE_NS_ASSERTIONS = NO;
				ENABLE_STRICT_OBJC_MSGSEND = YES;
				GCC_C_LANGUAGE_STANDARD = gnu99;
				GCC_NO_COMMON_BLOCKS = YES;
				GCC_WARN_64_TO_32_BIT_CONVERSION = YES;
				GCC_WARN_ABOUT_RETURN_TYPE = YES_ERROR;
				GCC_WARN_UNDECLARED_SELECTOR = YES;
				GCC_WARN_UNINITIALIZED_AUTOS = YES_AGGRESSIVE;
				GCC_WARN_UNUSED_FUNCTION = YES;
				GCC_WARN_UNUSED_VARIABLE = YES;
				IPHONEOS_DEPLOYMENT_TARGET = 9.1;
				MTL_ENABLE_DEBUG_INFO = NO;
				SDKROOT = iphoneos;
				TARGETED_DEVICE_FAMILY = "1,2";
				VALIDATE_PRODUCT = YES;
			};
			name = Release;
		};
		2408F9EE1C192CAC0002FE7E /* Debug */ = {
			isa = XCBuildConfiguration;
			buildSettings = {
				ASSETCATALOG_COMPILER_APPICON_NAME = AppIcon;
				INFOPLIST_FILE = FuzzySearch/Info.plist;
				LD_RUNPATH_SEARCH_PATHS = "$(inherited) @executable_path/Frameworks";
				PRODUCT_BUNDLE_IDENTIFIER = com.SkyTan.FuzzySearch;
				PRODUCT_NAME = "$(TARGET_NAME)";
			};
			name = Debug;
		};
		2408F9EF1C192CAC0002FE7E /* Release */ = {
			isa = XCBuildConfiguration;
			buildSettings = {
				ASSETCATALOG_COMPILER_APPICON_NAME = AppIcon;
				INFOPLIST_FILE = FuzzySearch/Info.plist;
				LD_RUNPATH_SEARCH_PATHS = "$(inherited) @executable_path/Frameworks";
				PRODUCT_BUNDLE_IDENTIFIER = com.SkyTan.FuzzySearch;
				PRODUCT_NAME = "$(TARGET_NAME)";
			};
			name = Release;
		};
/* End XCBuildConfiguration section */

/* Begin XCConfigurationList section */
		2408F9D61C192CAC0002FE7E /* Build configuration list for PBXProject "FuzzySearch" */ = {
			isa = XCConfigurationList;
			buildConfigurations = (
				2408F9EB1C192CAC0002FE7E /* Debug */,
				2408F9EC1C192CAC0002FE7E /* Release */,
			);
			defaultConfigurationIsVisible = 0;
			defaultConfigurationName = Release;
		};
		2408F9ED1C192CAC0002FE7E /* Build configuration list for PBXNativeTarget "FuzzySearch" */ = {
			isa = XCConfigurationList;
			buildConfigurations = (
				2408F9EE1C192CAC0002FE7E /* Debug */,
				2408F9EF1C192CAC0002FE7E /* Release */,
			);
			defaultConfigurationIsVisible = 0;
			defaultConfigurationName = Release;
		};
/* End XCConfigurationList section */
	};
	rootObject = 2408F9D31C192CAC0002FE7E /* Project object */;
}
